#MicroXplorer Configuration settings - do not modify
Mcu.Family=STM32F1
PA11.GPIO_Speed=GPIO_SPEED_FREQ_HIGH
ProjectManager.MainLocation=Core/Src
RCC.MCOFreq_Value=72000000
PB13.GPIOParameters=GPIO_Speed,PinState,GPIO_PuPd,GPIO_Label
SH.S_TIM1_CH4.0=TIM1_CH4,PWM Generation4 CH4
USART2.IPParameters=VirtualMode
VP_TIM4_VS_ControllerModeClock.Signal=TIM4_VS_ControllerModeClock
ProjectManager.KeepUserCode=true
Mcu.UserName=STM32F103C8Tx
PB10.GPIO_PuPd=GPIO_PULLUP
TIM1.IPParameters=Prescaler,Period,AutoReloadPreload,CounterMode,OCPolarity_4,Channel-PWM Generation4 CH4,Channel-PWM Generation2 CH2N,Channel-PWM Generation3 CH3N,Pulse-PWM Generation3 CH3N,Pulse-PWM Generation4 CH4,Pulse-PWM Generation2 CH2N,OCIdleState_4,OCFastMode_PWM-PWM Generation4 CH4,OCFastMode_PWM-PWM Generation3 CH3N,OCFastMode_PWM-PWM Generation2 CH2N,BreakPolarity,OCMode_PWM-PWM Generation4 CH4
PA10.GPIO_PuPd=GPIO_PULLDOWN
RCC.PLLCLKFreq_Value=72000000
TIM1.OCIdleState_4=TIM_OCIDLESTATE_RESET
PC13-TAMPER-RTC.GPIOParameters=GPIO_Speed,GPIO_PuPd,GPIO_Label
PB14.GPIO_Label=M1_ENABLE
PA12.GPIOParameters=GPIO_Speed,GPIO_PuPd,GPIO_Label
ProjectManager.functionlistsort=1-MX_GPIO_Init-GPIO-false-HAL-true,2-SystemClock_Config-RCC-false-HAL-false,3-MX_ADC1_Init-ADC1-false-HAL-true,4-MX_I2C1_Init-I2C1-false-HAL-true,5-MX_TIM1_Init-TIM1-false-HAL-true,6-MX_USART2_UART_Init-USART2-false-HAL-true,7-MX_TIM2_Init-TIM2-false-HAL-true,8-MX_TIM3_Init-TIM3-false-HAL-true,9-MX_TIM4_Init-TIM4-false-HAL-true
PA9.GPIOParameters=GPIO_Speed,GPIO_PuPd,GPIO_Label
PA11.GPIOParameters=GPIO_Speed,GPIO_Label
RCC.ADCFreqValue=12000000
PA6.GPIO_Label=M2_NTC
PB0.GPIO_Label=M2_VPROPI
PB6.GPIO_Label=M0_ENC
PB11.GPIO_PuPd=GPIO_PULLUP
PB13.GPIO_Label=M_nSLEEP
PB11.Signal=GPIO_Input
PB13.Signal=GPIO_Output
PB15.Signal=TIM1_CH3N
PC15-OSC32_OUT.GPIO_Label=LED0
PinOutPanel.RotationAngle=0
RCC.SYSCLKSource=RCC_SYSCLKSOURCE_PLLCLK
ProjectManager.StackSize=0x400
PB5.GPIOParameters=GPIO_Speed,GPIO_PuPd,GPIO_Label
PD1-OSC_OUT.Signal=RCC_OSC_OUT
Mcu.IP4=SYS
RCC.FCLKCortexFreq_Value=72000000
Mcu.IP5=TIM1
I2C1.IPParameters=OwnAddress
Mcu.IP2=NVIC
NVIC.SVCall_IRQn=true\:0\:0\:false\:false\:true\:false\:false
Mcu.IP3=RCC
PA15.GPIO_Label=M1_ENC
PB4.GPIOParameters=GPIO_Label
Mcu.IP0=ADC1
PA12.Locked=true
Mcu.IP1=I2C1
PA12.Signal=GPIO_Output
TIM1.Prescaler=71
Mcu.UserConstants=
Mcu.ThirdPartyNb=0
TIM1.Channel-PWM\ Generation4\ CH4=TIM_CHANNEL_4
RCC.HCLKFreq_Value=72000000
Mcu.IPNb=10
ProjectManager.PreviousToolchain=
RCC.APB2TimFreq_Value=72000000
PB6.Signal=S_TIM4_CH1
SH.ADCx_IN7.ConfNb=1
PA8.GPIOParameters=GPIO_Speed,GPIO_PuPd,GPIO_Label
Mcu.Pin6=PA2
Mcu.Pin7=PA3
Mcu.Pin8=PA4
VP_TIM3_VS_ControllerModeClock.Mode=Clock Mode
Mcu.Pin9=PA5
RCC.AHBFreq_Value=72000000
PB13.Locked=true
Mcu.Pin0=PC13-TAMPER-RTC
Mcu.Pin1=PC14-OSC32_IN
GPIO.groupedBy=Group By Peripherals
Mcu.Pin2=PC15-OSC32_OUT
Mcu.Pin3=PD0-OSC_IN
Mcu.Pin4=PD1-OSC_OUT
Mcu.Pin5=PA1
ProjectManager.ProjectBuild=false
NVIC.UsageFault_IRQn=true\:0\:0\:false\:false\:true\:false\:false
TIM1.OCFastMode_PWM-PWM\ Generation4\ CH4=TIM_OCFAST_ENABLE
NVIC.DebugMonitor_IRQn=true\:0\:0\:false\:false\:true\:false\:false
PB2.Signal=GPIO_Input
PA8.Locked=true
NVIC.SysTick_IRQn=true\:0\:0\:false\:false\:true\:false\:true
RCC.PLLMUL=RCC_PLL_MUL9
PB12.GPIO_Label=M_MODE1
ProjectManager.FirmwarePackage=STM32Cube FW_F1 V1.8.3
MxDb.Version=DB.6.0.21
PB0.GPIOParameters=GPIO_Label
PA1.GPIOParameters=GPIO_Label
ProjectManager.BackupPrevious=false
PA14.Mode=Serial_Wire
SH.ADCx_IN1.ConfNb=1
PB14.Mode=PWM Generation2 CH2N
PB1.GPIO_Label=M0_VPROPI
File.Version=6
PA10.GPIO_Label=M0_PHASE
SH.ADCx_IN8.0=ADC1_IN8,IN8
PB7.Signal=GPIO_Output
PA8.Signal=GPIO_Output
SH.ADCx_IN4.ConfNb=1
NVIC.PendSV_IRQn=true\:0\:0\:false\:false\:true\:false\:false
SH.S_TIM3_CH1.0=TIM3_CH1,TriggerSource_TI1FP1
SH.ADCx_IN6.ConfNb=1
PC13-TAMPER-RTC.GPIO_Speed=GPIO_SPEED_FREQ_HIGH
PB6.GPIOParameters=GPIO_PuPd,GPIO_Label
ProjectManager.HalAssertFull=false
PB2.GPIO_PuPd=GPIO_PULLUP
VP_TIM1_VS_ClockSourceINT.Mode=Internal
PC14-OSC32_IN.GPIOParameters=GPIO_Speed,GPIO_PuPd,GPIO_Label
ProjectManager.ProjectName=car_sw
PC14-OSC32_IN.GPIO_Speed=GPIO_SPEED_FREQ_HIGH
RCC.PLLMCOFreq_Value=36000000
PB7.GPIO_Label=LED3
VP_TIM3_VS_ControllerModeClock.Signal=TIM3_VS_ControllerModeClock
Mcu.Package=LQFP48
PB9.Signal=I2C1_SDA
PB1.Signal=ADCx_IN9
PA6.Signal=ADCx_IN6
USART2.VirtualMode=VM_ASYNC
TIM1.OCFastMode_PWM-PWM\ Generation3\ CH3N=TIM_OCFAST_ENABLE
PC13-TAMPER-RTC.GPIO_PuPd=GPIO_PULLDOWN
ProjectManager.ToolChainLocation=
VP_SYS_VS_Systick.Signal=SYS_VS_Systick
PA10.Signal=GPIO_Output
PA15.Signal=S_TIM2_CH1_ETR
PA5.GPIOParameters=GPIO_Label
PB14.GPIOParameters=GPIO_Speed,GPIO_Label
SH.ADCx_IN9.0=ADC1_IN9,IN9
PA10.GPIO_Speed=GPIO_SPEED_FREQ_HIGH
PB5.GPIO_Speed=GPIO_SPEED_FREQ_HIGH
TIM1.Channel-PWM\ Generation2\ CH2N=TIM_CHANNEL_2
SH.ADCx_IN1.0=ADC1_IN1,IN1
PB5.GPIO_Label=WS2812B
SH.S_TIM4_CH1.0=TIM4_CH1,TriggerSource_TI1FP1
RCC.APB1TimFreq_Value=72000000
NVIC.BusFault_IRQn=true\:0\:0\:false\:false\:true\:false\:false
PC14-OSC32_IN.GPIO_Label=LED1
PC15-OSC32_OUT.GPIO_Speed=GPIO_SPEED_FREQ_HIGH
SH.ADCx_IN9.ConfNb=1
TIM1.Period=1000
PB10.GPIOParameters=GPIO_PuPd,GPIO_Label
PC15-OSC32_OUT.GPIOParameters=GPIO_Speed,GPIO_PuPd,GPIO_Label
PA12.GPIO_PuPd=GPIO_PULLDOWN
PA4.GPIO_Label=M0_NTC
PA8.GPIO_Speed=GPIO_SPEED_FREQ_HIGH
ProjectManager.CustomerFirmwarePackage=
PC14-OSC32_IN.Locked=true
PA12.GPIO_Speed=GPIO_SPEED_FREQ_HIGH
PB15.Locked=true
PB4.Signal=S_TIM3_CH1
PA3.Signal=USART2_RX
PB7.GPIO_Speed=GPIO_SPEED_FREQ_HIGH
TIM1.OCMode_PWM-PWM\ Generation4\ CH4=TIM_OCMODE_PWM1
PA6.GPIOParameters=GPIO_Label
PB7.GPIO_PuPd=GPIO_PULLDOWN
RCC.PLLSourceVirtual=RCC_PLLSOURCE_HSE
SH.S_TIM4_CH1.ConfNb=1
ProjectManager.ProjectFileName=car_sw.ioc
TIM1.OCPolarity_4=TIM_OCPOLARITY_HIGH
PD1-OSC_OUT.Mode=HSE-External-Oscillator
PA15.GPIOParameters=GPIO_Label
Mcu.PinsNb=39
ProjectManager.NoMain=false
SH.ADCx_IN6.0=ADC1_IN6,IN6
ADC1.IPParameters=Rank-1\#ChannelRegularConversion,Channel-1\#ChannelRegularConversion,SamplingTime-1\#ChannelRegularConversion,NbrOfConversionFlag,master
TIM1.CounterMode=TIM_COUNTERMODE_UP
PA9.GPIO_Label=M2_PHASE
PB6.GPIO_PuPd=GPIO_PULLDOWN
PB11.GPIO_Label=M0_nFAULT
PC13-TAMPER-RTC.Signal=GPIO_Output
PA11.GPIO_Label=M0_ENABLE
ProjectManager.DefaultFWLocation=true
PD0-OSC_IN.Signal=RCC_OSC_IN
PB12.Locked=true
ProjectManager.DeletePrevious=true
PB14.Locked=true
RCC.APB1CLKDivider=RCC_HCLK_DIV2
PB10.Locked=true
PC14-OSC32_IN.Signal=GPIO_Output
PA9.GPIO_PuPd=GPIO_PULLDOWN
VP_TIM4_VS_ControllerModeClock.Mode=Clock Mode
SH.S_TIM2_CH1_ETR.ConfNb=1
PA12.GPIO_Label=M_MODE0
RCC.FamilyName=M
RCC.ADCPresc=RCC_ADCPCLK2_DIV6
PA3.Mode=Asynchronous
PA13.Signal=SYS_JTMS-SWDIO
TIM1.AutoReloadPreload=TIM_AUTORELOAD_PRELOAD_ENABLE
PA11.Locked=true
PA15.Locked=true
PA8.GPIO_Label=M1_PHASE
PC15-OSC32_OUT.Locked=true
ProjectManager.TargetToolchain=STM32CubeIDE
PB14.GPIO_Speed=GPIO_SPEED_FREQ_HIGH
PB10.GPIO_Label=M2_nFAULT
SH.ADCx_IN7.0=ADC1_IN7,IN7
PB7.GPIOParameters=GPIO_Speed,GPIO_PuPd,GPIO_Label
PB9.Mode=I2C
PB2.GPIOParameters=GPIO_PuPd,GPIO_Label
PA9.Signal=GPIO_Output
VP_TIM1_VS_ClockSourceINT.Signal=TIM1_VS_ClockSourceINT
ADC1.Channel-1\#ChannelRegularConversion=ADC_CHANNEL_1
PB13.GPIO_Speed=GPIO_SPEED_FREQ_HIGH
PB11.GPIOParameters=GPIO_PuPd,GPIO_Label
PB5.Locked=true
ProjectManager.RegisterCallBack=
PC13-TAMPER-RTC.Locked=true
RCC.USBFreq_Value=72000000
TIM1.Channel-PWM\ Generation3\ CH3N=TIM_CHANNEL_3
PC15-OSC32_OUT.Signal=GPIO_Output
PA1.Signal=ADCx_IN1
PB12.GPIO_Speed=GPIO_SPEED_FREQ_HIGH
PD0-OSC_IN.Mode=HSE-External-Oscillator
PB10.Signal=GPIO_Input
TIM1.Pulse-PWM\ Generation3\ CH3N=500
PB14.Signal=TIM1_CH2N
PA5.Signal=ADCx_IN5
TIM1.OCFastMode_PWM-PWM\ Generation2\ CH2N=TIM_OCFAST_ENABLE
board=custom
TIM1.Pulse-PWM\ Generation2\ CH2N=500
ProjectManager.LastFirmware=true
PC13-TAMPER-RTC.GPIO_Label=LED2
PB15.Mode=PWM Generation3 CH3N
PB13.GPIO_PuPd=GPIO_PULLUP
RCC.VCOOutput2Freq_Value=8000000
RCC.APB2Freq_Value=72000000
PB13.PinState=GPIO_PIN_RESET
MxCube.Version=6.2.1
PB4.GPIO_Label=M2_ENC
Mcu.Pin37=VP_TIM3_VS_ControllerModeClock
Mcu.Pin38=VP_TIM4_VS_ControllerModeClock
PB15.GPIO_Label=M2_ENABLE
Mcu.Pin35=VP_SYS_VS_Systick
Mcu.Pin36=VP_TIM1_VS_ClockSourceINT
PB15.GPIO_Speed=GPIO_SPEED_FREQ_HIGH
Mcu.Pin30=PB5
PA1.GPIO_Label=BATT
PA10.GPIOParameters=GPIO_Speed,GPIO_PuPd,GPIO_Label
VP_SYS_VS_Systick.Mode=SysTick
Mcu.Pin33=PB8
Mcu.Pin34=PB9
Mcu.Pin31=PB6
SH.ADCx_IN4.0=ADC1_IN4,IN4
Mcu.Pin32=PB7
PC15-OSC32_OUT.GPIO_PuPd=GPIO_PULLDOWN
PA9.Locked=true
NVIC.NonMaskableInt_IRQn=true\:0\:0\:false\:false\:true\:false\:false
PA4.GPIOParameters=GPIO_Label
SH.ADCx_IN8.ConfNb=1
TIM1.BreakPolarity=TIM_BREAKPOLARITY_HIGH
PB15.GPIOParameters=GPIO_Speed,GPIO_Label
PA13.Mode=Serial_Wire
ProjectManager.FreePins=false
RCC.IPParameters=ADCFreqValue,ADCPresc,AHBFreq_Value,APB1CLKDivider,APB1Freq_Value,APB1TimFreq_Value,APB2Freq_Value,APB2TimFreq_Value,FCLKCortexFreq_Value,FamilyName,HCLKFreq_Value,MCOFreq_Value,PLLCLKFreq_Value,PLLMCOFreq_Value,PLLMUL,PLLSourceVirtual,SYSCLKFreq_VALUE,SYSCLKSource,TimSysFreq_Value,USBFreq_Value,VCOOutput2Freq_Value
ProjectManager.AskForMigrate=true
Mcu.Name=STM32F103C(8-B)Tx
Mcu.Pin26=PA13
Mcu.Pin27=PA14
PA2.Signal=USART2_TX
Mcu.Pin24=PA11
ProjectManager.UnderRoot=true
Mcu.Pin25=PA12
PB2.Locked=true
I2C1.OwnAddress=0
Mcu.IP8=TIM4
Mcu.IP9=USART2
Mcu.Pin28=PA15
Mcu.IP6=TIM2
Mcu.Pin29=PB4
Mcu.IP7=TIM3
ProjectManager.CoupleFile=false
PA4.Signal=ADCx_IN4
ADC1.SamplingTime-1\#ChannelRegularConversion=ADC_SAMPLETIME_1CYCLE_5
RCC.SYSCLKFreq_VALUE=72000000
Mcu.Pin22=PA9
PB5.Signal=GPIO_Output
Mcu.Pin23=PA10
RCC.TimSysFreq_Value=72000000
PA7.GPIO_Label=M1_VPROPI
Mcu.Pin20=PB15
ADC1.master=1
Mcu.Pin21=PA8
PA5.GPIO_Label=M1_NTC
PA10.Locked=true
NVIC.ForceEnableDMAVector=true
KeepUserPlacement=false
PB5.GPIO_PuPd=GPIO_PULLDOWN
NVIC.MemoryManagement_IRQn=true\:0\:0\:false\:false\:true\:false\:false
ProjectManager.CompilerOptimize=6
ADC1.Rank-1\#ChannelRegularConversion=1
PA11.Signal=S_TIM1_CH4
SH.S_TIM2_CH1_ETR.0=TIM2_ETR,ClockSourceETR_Mode2
PA14.Signal=SYS_JTCK-SWCLK
PB2.GPIO_Label=M1_nFAULT
ProjectManager.HeapSize=0x200
Mcu.Pin15=PB10
NVIC.HardFault_IRQn=true\:0\:0\:false\:false\:true\:false\:false
Mcu.Pin16=PB11
Mcu.Pin13=PB1
Mcu.Pin14=PB2
Mcu.Pin19=PB14
TIM1.Pulse-PWM\ Generation4\ CH4=500
SH.S_TIM3_CH1.ConfNb=1
ProjectManager.ComputerToolchain=false
Mcu.Pin17=PB12
PA8.GPIO_PuPd=GPIO_PULLDOWN
Mcu.Pin18=PB13
SH.ADCx_IN5.0=ADC1_IN5,IN5
NVIC.PriorityGroup=NVIC_PRIORITYGROUP_4
ADC1.NbrOfConversionFlag=1
Mcu.Pin11=PA7
Mcu.Pin12=PB0
PB8.Mode=I2C
Mcu.Pin10=PA6
PB7.Locked=true
PA2.Mode=Asynchronous
PA9.GPIO_Speed=GPIO_SPEED_FREQ_HIGH
PB8.Signal=I2C1_SCL
PC14-OSC32_IN.GPIO_PuPd=GPIO_PULLDOWN
SH.ADCx_IN5.ConfNb=1
PB12.GPIO_PuPd=GPIO_PULLDOWN
RCC.APB1Freq_Value=36000000
PB0.Signal=ADCx_IN8
PA7.GPIOParameters=GPIO_Label
SH.S_TIM1_CH4.ConfNb=1
PB11.Locked=true
ProjectManager.DeviceId=STM32F103C8Tx
PB12.GPIOParameters=GPIO_Speed,GPIO_PuPd,GPIO_Label
PB12.Signal=GPIO_Output
ProjectManager.LibraryCopy=1
PB1.GPIOParameters=GPIO_Label
PA7.Signal=ADCx_IN7
isbadioc=false
